
Microsoft Visual Studio Solution File, Format Version 12.00
# Visual Studio 15
VisualStudioVersion = 15.0.28010.2046
MinimumVisualStudioVersion = 10.0.40219.1
Project("{9A19103F-16F7-4668-BE54-9A1E7A4F7556}") = "Prerenderer", "ConsoleApp1\Prerenderer.csproj", "{CDCFCD28-7B70-4EAD-8751-44FA452C2A0C}"
EndProject
Global
	GlobalSection(SolutionConfigurationPlatforms) = preSolution
		Debug|Any CPU = Debug|Any CPU
		Release|Any CPU = Release|Any CPU
	EndGlobalSection
	GlobalSection(ProjectConfigurationPlatforms) = postSolution
		{CDCFCD28-7B70-4EAD-8751-44FA452C2A0C}.Debug|Any CPU.ActiveCfg = Debug|Any CPU
		{CDCFCD28-7B70-4EAD-8751-44FA452C2A0C}.Debug|Any CPU.Build.0 = Debug|Any CPU
		{CDCFCD28-7B70-4EAD-8751-44FA452C2A0C}.Release|Any CPU.ActiveCfg = Release|Any CPU
		{CDCFCD28-7B70-4EAD-8751-44FA452C2A0C}.Release|Any CPU.Build.0 = Release|Any CPU
	EndGlobalSection
	GlobalSection(SolutionProperties) = preSolution
		HideSolutionNode = FALSE
	EndGlobalSection
	GlobalSection(ExtensibilityGlobals) = postSolution
		SolutionGuid = {17324672-B381-442F-B079-26033F31934C}
	EndGlobalSection
EndGlobal
